// !$*UTF8*$!
{
	archiveVersion = 1;
	classes = {
	};
	objectVersion = 46;
	objects = {

/* Begin PBXBuildFile section */
		6E52389814ECB80D001F2727 /* Foundation.framework in Frameworks */ = {isa = PBXBuildFile; fileRef = 6E52389714ECB80D001F2727 /* Foundation.framework */; };
		6E52389B14ECB80D001F2727 /* main.m in Sources */ = {isa = PBXBuildFile; fileRef = 6E52389A14ECB80D001F2727 /* main.m */; };
		6E52389F14ECB80D001F2727 /* EulerFinder.1 in CopyFiles */ = {isa = PBXBuildFile; fileRef = 6E52389E14ECB80D001F2727 /* EulerFinder.1 */; };
/* End PBXBuildFile section */

/* Begin PBXCopyFilesBuildPhase section */
		6E52389114ECB80D001F2727 /* CopyFiles */ = {
			isa = PBXCopyFilesBuildPhase;
			buildActionMask = 2147483647;
			dstPath = /usr/share/man/man1/;
			dstSubfolderSpec = 0;
			files = (
				6E52389F14ECB80D001F2727 /* EulerFinder.1 in CopyFiles */,
			);
			runOnlyForDeploymentPostprocessing = 1;
		};
/* End PBXCopyFilesBuildPhase section */

/* Begin PBXFileReference section */
		6E52389314ECB80D001F2727 /* EulerFinder */ = {isa = PBXFileReference; explicitFileType = "compiled.mach-o.executable"; includeInIndex = 0; path = EulerFinder; sourceTree = BUILT_PRODUCTS_DIR; };
		6E52389714ECB80D001F2727 /* Foundation.framework */ = {isa = PBXFileReference; lastKnownFileType = wrapper.framework; name = Foundation.framework; path = System/Library/Frameworks/Foundation.framework; sourceTree = SDKROOT; };
		6E52389A14ECB80D001F2727 /* main.m */ = {isa = PBXFileReference; lastKnownFileType = sourcecode.c.objc; path = main.m; sourceTree = "<group>"; };
		6E52389D14ECB80D001F2727 /* EulerFinder-Prefix.pch */ = {isa = PBXFileReference; lastKnownFileType = sourcecode.c.h; path = "EulerFinder-Prefix.pch"; sourceTree = "<group>"; };
		6E52389E14ECB80D001F2727 /* EulerFinder.1 */ = {isa = PBXFileReference; lastKnownFileType = text.man; path = EulerFinder.1; sourceTree = "<group>"; };
/* End PBXFileReference section */

/* Begin PBXFrameworksBuildPhase section */
		6E52389014ECB80D001F2727 /* Frameworks */ = {
			isa = PBXFrameworksBuildPhase;
			buildActionMask = 2147483647;
			files = (
				6E52389814ECB80D001F2727 /* Foundation.framework in Frameworks */,
			);
			runOnlyForDeploymentPostprocessing = 0;
		};
/* End PBXFrameworksBuildPhase section */

/* Begin PBXGroup section */
		6E52388814ECB80D001F2727 = {
			isa = PBXGroup;
			children = (
				6E52389914ECB80D001F2727 /* EulerFinder */,
				6E52389614ECB80D001F2727 /* Frameworks */,
				6E52389414ECB80D001F2727 /* Products */,
			);
			sourceTree = "<group>";
		};
		6E52389414ECB80D001F2727 /* Products */ = {
			isa = PBXGroup;
			children = (
				6E52389314ECB80D001F2727 /* EulerFinder */,
			);
			name = Products;
			sourceTree = "<group>";
		};
		6E52389614ECB80D001F2727 /* Frameworks */ = {
			isa = PBXGroup;
			children = (
				6E52389714ECB80D001F2727 /* Foundation.framework */,
			);
			name = Frameworks;
			sourceTree = "<group>";
		};
		6E52389914ECB80D001F2727 /* EulerFinder */ = {
			isa = PBXGroup;
			children = (
				6E52389A14ECB80D001F2727 /* main.m */,
				6E52389E14ECB80D001F2727 /* EulerFinder.1 */,
				6E52389C14ECB80D001F2727 /* Supporting Files */,
			);
			path = EulerFinder;
			sourceTree = "<group>";
		};
		6E52389C14ECB80D001F2727 /* Supporting Files */ = {
			isa = PBXGroup;
			children = (
				6E52389D14ECB80D001F2727 /* EulerFinder-Prefix.pch */,
			);
			name = "Supporting Files";
			sourceTree = "<group>";
		};
/* End PBXGroup section */

/* Begin PBXNativeTarget section */
		6E52389214ECB80D001F2727 /* EulerFinder */ = {
			isa = PBXNativeTarget;
			buildConfigurationList = 6E5238A214ECB80D001F2727 /* Build configuration list for PBXNativeTarget "EulerFinder" */;
			buildPhases = (
				6E52388F14ECB80D001F2727 /* Sources */,
				6E52389014ECB80D001F2727 /* Frameworks */,
				6E52389114ECB80D001F2727 /* CopyFiles */,
			);
			buildRules = (
			);
			dependencies = (
			);
			name = EulerFinder;
			productName = EulerFinder;
			productReference = 6E52389314ECB80D001F2727 /* EulerFinder */;
			productType = "com.apple.product-type.tool";
		};
/* End PBXNativeTarget section */

/* Begin PBXProject section */
		6E52388A14ECB80D001F2727 /* Project object */ = {
			isa = PBXProject;
			attributes = {
				LastUpgradeCheck = 0420;
			};
			buildConfigurationList = 6E52388D14ECB80D001F2727 /* Build configuration list for PBXProject "EulerFinder" */;
			compatibilityVersion = "Xcode 3.2";
			developmentRegion = English;
			hasScannedForEncodings = 0;
			knownRegions = (
				en,
			);
			mainGroup = 6E52388814ECB80D001F2727;
			productRefGroup = 6E52389414ECB80D001F2727 /* Products */;
			projectDirPath = "";
			projectRoot = "";
			targets = (
				6E52389214ECB80D001F2727 /* EulerFinder */,
			);
		};
/* End PBXProject section */

/* Begin PBXSourcesBuildPhase section */
		6E52388F14ECB80D001F2727 /* Sources */ = {
			isa = PBXSourcesBuildPhase;
			buildActionMask = 2147483647;
			files = (
				6E52389B14ECB80D001F2727 /* main.m in Sources */,
			);
			runOnlyForDeploymentPostprocessing = 0;
		};
/* End PBXSourcesBuildPhase section */

/* Begin XCBuildConfiguration section */
		6E5238A014ECB80D001F2727 /* Debug */ = {
			isa = XCBuildConfiguration;
			buildSettings = {
				ALWAYS_SEARCH_USER_PATHS = NO;
				ARCHS = "$(ARCHS_STANDARD_64_BIT)";
				CLANG_ENABLE_OBJC_ARC = YES;
				COPY_PHASE_STRIP = NO;
				GCC_C_LANGUAGE_STANDARD = gnu99;
				GCC_DYNAMIC_NO_PIC = NO;
				GCC_ENABLE_OBJC_EXCEPTIONS = YES;
				GCC_OPTIMIZATION_LEVEL = 0;
				GCC_PREPROCESSOR_DEFINITIONS = (
					"DEBUG=1",
					"$(inherited)",
				);
				GCC_SYMBOLS_PRIVATE_EXTERN = NO;
				GCC_VERSION = com.apple.compilers.llvm.clang.1_0;
				GCC_WARN_64_TO_32_BIT_CONVERSION = YES;
				GCC_WARN_ABOUT_MISSING_PROTOTYPES = YES;
				GCC_WARN_ABOUT_RETURN_TYPE = YES;
				GCC_WARN_UNUSED_VARIABLE = YES;
				MACOSX_DEPLOYMENT_TARGET = 10.7;
				ONLY_ACTIVE_ARCH = YES;
				SDKROOT = macosx;
			};
			name = Debug;
		};
		6E5238A114ECB80D001F2727 /* Release */ = {
			isa = XCBuildConfiguration;
			buildSettings = {
				ALWAYS_SEARCH_USER_PATHS = NO;
				ARCHS = "$(ARCHS_STANDARD_64_BIT)";
				CLANG_ENABLE_OBJC_ARC = YES;
				COPY_PHASE_STRIP = YES;
				DEBUG_INFORMATION_FORMAT = "dwarf-with-dsym";
				GCC_C_LANGUAGE_STANDARD = gnu99;
				GCC_ENABLE_OBJC_EXCEPTIONS = YES;
				GCC_VERSION = com.apple.compilers.llvm.clang.1_0;
				GCC_WARN_64_TO_32_BIT_CONVERSION = YES;
				GCC_WARN_ABOUT_MISSING_PROTOTYPES = YES;
				GCC_WARN_ABOUT_RETURN_TYPE = YES;
				GCC_WARN_UNUSED_VARIABLE = YES;
				MACOSX_DEPLOYMENT_TARGET = 10.7;
				SDKROOT = macosx;
			};
			name = Release;
		};
		6E5238A314ECB80D001F2727 /* Debug */ = {
			isa = XCBuildConfiguration;
			buildSettings = {
				GCC_PRECOMPILE_PREFIX_HEADER = YES;
				GCC_PREFIX_HEADER = "EulerFinder/EulerFinder-Prefix.pch";
				PRODUCT_NAME = "$(TARGET_NAME)";
			};
			name = Debug;
		};
		6E5238A414ECB80D001F2727 /* Release */ = {
			isa = XCBuildConfiguration;
			buildSettings = {
				GCC_PRECOMPILE_PREFIX_HEADER = YES;
				GCC_PREFIX_HEADER = "EulerFinder/EulerFinder-Prefix.pch";
				PRODUCT_NAME = "$(TARGET_NAME)";
			};
			name = Release;
		};
/* End XCBuildConfiguration section */

/* Begin XCConfigurationList section */
		6E52388D14ECB80D001F2727 /* Build configuration list for PBXProject "EulerFinder" */ = {
			isa = XCConfigurationList;
			buildConfigurations = (
				6E5238A014ECB80D001F2727 /* Debug */,
				6E5238A114ECB80D001F2727 /* Release */,
			);
			defaultConfigurationIsVisible = 0;
			defaultConfigurationName = Release;
		};
		6E5238A214ECB80D001F2727 /* Build configuration list for PBXNativeTarget "EulerFinder" */ = {
			isa = XCConfigurationList;
			buildConfigurations = (
				6E5238A314ECB80D001F2727 /* Debug */,
				6E5238A414ECB80D001F2727 /* Release */,
			);
			defaultConfigurationIsVisible = 0;
		};
/* End XCConfigurationList section */
	};
	rootObject = 6E52388A14ECB80D001F2727 /* Project object */;
}
